
Microsoft Visual Studio Solution File, Format Version 12.00
# Visual Studio Version 16
VisualStudioVersion = 16.0.29509.3
MinimumVisualStudioVersion = 10.0.40219.1
Project("{888888A0-9F3D-457C-B088-3A5042F75D52}") = "MLPImageClassification", "MLPImageClassification.pyproj", "{F116BE1F-6145-473B-A547-01B915DCB09A}"
EndProject
Global
	GlobalSection(SolutionConfigurationPlatforms) = preSolution
		Debug|Any CPU = Debug|Any CPU
		Release|Any CPU = Release|Any CPU
	EndGlobalSection
	GlobalSection(ProjectConfigurationPlatforms) = postSolution
		{F116BE1F-6145-473B-A547-01B915DCB09A}.Debug|Any CPU.ActiveCfg = Debug|Any CPU
		{F116BE1F-6145-473B-A547-01B915DCB09A}.Release|Any CPU.ActiveCfg = Release|Any CPU
	EndGlobalSection
	GlobalSection(SolutionProperties) = preSolution
		HideSolutionNode = FALSE
	EndGlobalSection
	GlobalSection(ExtensibilityGlobals) = postSolution
		SolutionGuid = {DDE43CA0-ADD5-4A4B-9714-03B6F2DB24F3}
	EndGlobalSection
EndGlobal
